// generated by milpa; reproducible build snapshot
version 1
strategy "maxver"

dep "proptest" {
    identity "sha256:0efd758455476c681e90deee07817dc3d79030289f13c368ab752677982dca69"
    version "0.0.1"
    src_dir "src"
    requires
    provenance {
        kind "local"
        path "../nimlibs/proptest"
    }
}
