// generated by milpa; reproducible build snapshot
version 1
strategy "maxver"

dep "proptest" {
    identity "sha256:23a422f9429d862d73a180c8b330238f6147f4bfe439a14429938b39406966eb"
    version "0.0.1"
    src_dir "src"
    requires
    provenance {
        kind "local"
        path "../nimlibs/proptest"
    }
}
