// generated by milpa; reproducible build snapshot
version 1
strategy "maxver"

dep "proptest" {
    identity "sha256:318a1deafe12957860792edc8461f1776982ef22376cf32f55ac78099f069ff9"
    version "0.0.1"
    src_dir "src"
    requires
    provenance {
        kind "local"
        path "../nimlibs/proptest"
    }
}
